// !$*UTF8*$!
{
	archiveVersion = 1;
	classes = {
	};
	objectVersion = 77;
	objects = {

/* Begin PBXBuildFile section */
		0532F7CC9BFAB959362B756A /* WhisperKit in Frameworks */ = {isa = PBXBuildFile; productRef = 8AD2F1132A9EEC08366D2A4B /* WhisperKit */; };
		0ACB384166C92BC787992471 /* KeyboardShortcuts in Frameworks */ = {isa = PBXBuildFile; productRef = 4D9CF33863B95BC063C6DA7D /* KeyboardShortcuts */; };
		38F27DBAE2090CAF4B76CA8A /* AudioRecorder.swift in Sources */ = {isa = PBXBuildFile; fileRef = 09F9740C345122FA73E95E61 /* AudioRecorder.swift */; };
		4A2CD45EB756D26F22AC98C0 /* DictationViewModel.swift in Sources */ = {isa = PBXBuildFile; fileRef = 43AA2DB2253E05E4CA4F3AD0 /* DictationViewModel.swift */; };
		5C3A024A857271A7DB5CFCFB /* HotkeyManager.swift in Sources */ = {isa = PBXBuildFile; fileRef = 6C601E327CB04D74E5AD1C9A /* HotkeyManager.swift */; };
		6FD1C879FBB99E9F3D5C539E /* ContentView.swift in Sources */ = {isa = PBXBuildFile; fileRef = AE1290CAE439A7561A41F669 /* ContentView.swift */; };
		78718CE7AF4C50710384BF45 /* DictationHUD.swift in Sources */ = {isa = PBXBuildFile; fileRef = 1ADE0027A68F764D4EA91A6D /* DictationHUD.swift */; };
		812119C11B13B90BFE27BF83 /* WakeWordMonitor.swift in Sources */ = {isa = PBXBuildFile; fileRef = C980F7E3EF593C7A5DF1B794 /* WakeWordMonitor.swift */; };
		82CB4434A7ACD8C1F8E5F92A /* FnKeyMonitor.swift in Sources */ = {isa = PBXBuildFile; fileRef = 01109107F1370EA626F4B828 /* FnKeyMonitor.swift */; };
		8F39F043B33C6252F68B5112 /* AppDelegate.swift in Sources */ = {isa = PBXBuildFile; fileRef = 30EAB6BEAB3CE8B50A40C939 /* AppDelegate.swift */; };
		914EA6A02DC3169EC75C21A6 /* DictationApp.swift in Sources */ = {isa = PBXBuildFile; fileRef = 888388B0B045E88481C1043B /* DictationApp.swift */; };
		A27AF33A1FB87FD4D02A53E9 /* Assets.xcassets in Resources */ = {isa = PBXBuildFile; fileRef = 9A88AA362405D41E5E904895 /* Assets.xcassets */; };
		D97963E41BE0D157430A0260 /* TranscriptionManager.swift in Sources */ = {isa = PBXBuildFile; fileRef = 010ECB488AF6E3CB420C4B05 /* TranscriptionManager.swift */; };
		E26CEF7EE43878A9BF34BED9 /* RecordingState.swift in Sources */ = {isa = PBXBuildFile; fileRef = 47AD1A1B80865C41AF19DFF8 /* RecordingState.swift */; };
		FA99BB11CC22DD33EE44FF55 /* UpdateChecker.swift in Sources */ = {isa = PBXBuildFile; fileRef = BB11CC22DD33EE44FF5599AA /* UpdateChecker.swift */; };
/* End PBXBuildFile section */

/* Begin PBXFileReference section */
		010ECB488AF6E3CB420C4B05 /* TranscriptionManager.swift */ = {isa = PBXFileReference; lastKnownFileType = sourcecode.swift; path = TranscriptionManager.swift; sourceTree = "<group>"; };
		01109107F1370EA626F4B828 /* FnKeyMonitor.swift */ = {isa = PBXFileReference; lastKnownFileType = sourcecode.swift; path = FnKeyMonitor.swift; sourceTree = "<group>"; };
		09F9740C345122FA73E95E61 /* AudioRecorder.swift */ = {isa = PBXFileReference; lastKnownFileType = sourcecode.swift; path = AudioRecorder.swift; sourceTree = "<group>"; };
		1ADE0027A68F764D4EA91A6D /* DictationHUD.swift */ = {isa = PBXFileReference; lastKnownFileType = sourcecode.swift; path = DictationHUD.swift; sourceTree = "<group>"; };
		2BEDE44D29C8252B3214EAD7 /* DictationApp.app */ = {isa = PBXFileReference; explicitFileType = wrapper.application; includeInIndex = 0; path = DictationApp.app; sourceTree = BUILT_PRODUCTS_DIR; };
		30EAB6BEAB3CE8B50A40C939 /* AppDelegate.swift */ = {isa = PBXFileReference; lastKnownFileType = sourcecode.swift; path = AppDelegate.swift; sourceTree = "<group>"; };
		43AA2DB2253E05E4CA4F3AD0 /* DictationViewModel.swift */ = {isa = PBXFileReference; lastKnownFileType = sourcecode.swift; path = DictationViewModel.swift; sourceTree = "<group>"; };
		47AD1A1B80865C41AF19DFF8 /* RecordingState.swift */ = {isa = PBXFileReference; lastKnownFileType = sourcecode.swift; path = RecordingState.swift; sourceTree = "<group>"; };
		6C601E327CB04D74E5AD1C9A /* HotkeyManager.swift */ = {isa = PBXFileReference; lastKnownFileType = sourcecode.swift; path = HotkeyManager.swift; sourceTree = "<group>"; };
		888388B0B045E88481C1043B /* DictationApp.swift */ = {isa = PBXFileReference; lastKnownFileType = sourcecode.swift; path = DictationApp.swift; sourceTree = "<group>"; };
		9A88AA362405D41E5E904895 /* Assets.xcassets */ = {isa = PBXFileReference; lastKnownFileType = folder.assetcatalog; path = Assets.xcassets; sourceTree = "<group>"; };
		AC198E3C20403986C286C56F /* Info.plist */ = {isa = PBXFileReference; lastKnownFileType = text.plist; path = Info.plist; sourceTree = "<group>"; };
		AE1290CAE439A7561A41F669 /* ContentView.swift */ = {isa = PBXFileReference; lastKnownFileType = sourcecode.swift; path = ContentView.swift; sourceTree = "<group>"; };
		BB11CC22DD33EE44FF5599AA /* UpdateChecker.swift */ = {isa = PBXFileReference; lastKnownFileType = sourcecode.swift; path = UpdateChecker.swift; sourceTree = "<group>"; };
		C980F7E3EF593C7A5DF1B794 /* WakeWordMonitor.swift */ = {isa = PBXFileReference; lastKnownFileType = sourcecode.swift; path = WakeWordMonitor.swift; sourceTree = "<group>"; };
/* End PBXFileReference section */

/* Begin PBXFrameworksBuildPhase section */
		58DD8E37B2EC80B77810C984 /* Frameworks */ = {
			isa = PBXFrameworksBuildPhase;
			buildActionMask = 2147483647;
			files = (
				0532F7CC9BFAB959362B756A /* WhisperKit in Frameworks */,
				0ACB384166C92BC787992471 /* KeyboardShortcuts in Frameworks */,
			);
			runOnlyForDeploymentPostprocessing = 0;
		};
/* End PBXFrameworksBuildPhase section */

/* Begin PBXGroup section */
		11CE0FB1551982302D01E1F4 = {
			isa = PBXGroup;
			children = (
				1A9038CBBE994A63C9B62539 /* DictationApp */,
				73754135B34ECBC4A8426BF4 /* Products */,
			);
			sourceTree = "<group>";
		};
		1A9038CBBE994A63C9B62539 /* DictationApp */ = {
			isa = PBXGroup;
			children = (
				30EAB6BEAB3CE8B50A40C939 /* AppDelegate.swift */,
				9A88AA362405D41E5E904895 /* Assets.xcassets */,
				09F9740C345122FA73E95E61 /* AudioRecorder.swift */,
				AE1290CAE439A7561A41F669 /* ContentView.swift */,
				888388B0B045E88481C1043B /* DictationApp.swift */,
				1ADE0027A68F764D4EA91A6D /* DictationHUD.swift */,
				43AA2DB2253E05E4CA4F3AD0 /* DictationViewModel.swift */,
				01109107F1370EA626F4B828 /* FnKeyMonitor.swift */,
				6C601E327CB04D74E5AD1C9A /* HotkeyManager.swift */,
				AC198E3C20403986C286C56F /* Info.plist */,
				47AD1A1B80865C41AF19DFF8 /* RecordingState.swift */,
				010ECB488AF6E3CB420C4B05 /* TranscriptionManager.swift */,
				BB11CC22DD33EE44FF5599AA /* UpdateChecker.swift */,
				C980F7E3EF593C7A5DF1B794 /* WakeWordMonitor.swift */,
			);
			path = DictationApp;
			sourceTree = "<group>";
		};
		73754135B34ECBC4A8426BF4 /* Products */ = {
			isa = PBXGroup;
			children = (
				2BEDE44D29C8252B3214EAD7 /* DictationApp.app */,
			);
			name = Products;
			sourceTree = "<group>";
		};
/* End PBXGroup section */

/* Begin PBXNativeTarget section */
		7D5463259C04E621E98A4CF1 /* DictationApp */ = {
			isa = PBXNativeTarget;
			buildConfigurationList = 85CB74E4ECEE35555532E144 /* Build configuration list for PBXNativeTarget "DictationApp" */;
			buildPhases = (
				C4ACEC5A0B4CD1CEF3149E75 /* Sources */,
				AD8459A809D2F18B6DBFC2D9 /* Resources */,
				58DD8E37B2EC80B77810C984 /* Frameworks */,
			);
			buildRules = (
			);
			dependencies = (
			);
			name = DictationApp;
			packageProductDependencies = (
				8AD2F1132A9EEC08366D2A4B /* WhisperKit */,
				4D9CF33863B95BC063C6DA7D /* KeyboardShortcuts */,
			);
			productName = DictationApp;
			productReference = 2BEDE44D29C8252B3214EAD7 /* DictationApp.app */;
			productType = "com.apple.product-type.application";
		};
/* End PBXNativeTarget section */

/* Begin PBXProject section */
		754F90D46E2F40BDCD16AEA1 /* Project object */ = {
			isa = PBXProject;
			attributes = {
				BuildIndependentTargetsInParallel = YES;
				LastUpgradeCheck = 1500;
				TargetAttributes = {
				};
			};
			buildConfigurationList = BBBE0413EA402809FD491E01 /* Build configuration list for PBXProject "DictationApp" */;
			developmentRegion = en;
			hasScannedForEncodings = 0;
			knownRegions = (
				Base,
				en,
			);
			mainGroup = 11CE0FB1551982302D01E1F4;
			minimizedProjectReferenceProxies = 1;
			packageReferences = (
				F425B7F9B531AD1CE44B2310 /* XCRemoteSwiftPackageReference "KeyboardShortcuts" */,
				4E66575D95DFCCFDED5008FD /* XCRemoteSwiftPackageReference "WhisperKit" */,
			);
			preferredProjectObjectVersion = 77;
			productRefGroup = 73754135B34ECBC4A8426BF4 /* Products */;
			projectDirPath = "";
			projectRoot = "";
			targets = (
				7D5463259C04E621E98A4CF1 /* DictationApp */,
			);
		};
/* End PBXProject section */

/* Begin PBXResourcesBuildPhase section */
		AD8459A809D2F18B6DBFC2D9 /* Resources */ = {
			isa = PBXResourcesBuildPhase;
			buildActionMask = 2147483647;
			files = (
				A27AF33A1FB87FD4D02A53E9 /* Assets.xcassets in Resources */,
			);
			runOnlyForDeploymentPostprocessing = 0;
		};
/* End PBXResourcesBuildPhase section */

/* Begin PBXSourcesBuildPhase section */
		C4ACEC5A0B4CD1CEF3149E75 /* Sources */ = {
			isa = PBXSourcesBuildPhase;
			buildActionMask = 2147483647;
			files = (
				8F39F043B33C6252F68B5112 /* AppDelegate.swift in Sources */,
				38F27DBAE2090CAF4B76CA8A /* AudioRecorder.swift in Sources */,
				6FD1C879FBB99E9F3D5C539E /* ContentView.swift in Sources */,
				914EA6A02DC3169EC75C21A6 /* DictationApp.swift in Sources */,
				78718CE7AF4C50710384BF45 /* DictationHUD.swift in Sources */,
				4A2CD45EB756D26F22AC98C0 /* DictationViewModel.swift in Sources */,
				82CB4434A7ACD8C1F8E5F92A /* FnKeyMonitor.swift in Sources */,
				5C3A024A857271A7DB5CFCFB /* HotkeyManager.swift in Sources */,
				E26CEF7EE43878A9BF34BED9 /* RecordingState.swift in Sources */,
				D97963E41BE0D157430A0260 /* TranscriptionManager.swift in Sources */,
				FA99BB11CC22DD33EE44FF55 /* UpdateChecker.swift in Sources */,
				812119C11B13B90BFE27BF83 /* WakeWordMonitor.swift in Sources */,
			);
			runOnlyForDeploymentPostprocessing = 0;
		};
/* End PBXSourcesBuildPhase section */

/* Begin XCBuildConfiguration section */
		29F49EA8FD7DC75ED2E4C919 /* Debug */ = {
			isa = XCBuildConfiguration;
			buildSettings = {
				ALWAYS_SEARCH_USER_PATHS = NO;
				CLANG_ANALYZER_NONNULL = YES;
				CLANG_ANALYZER_NUMBER_OBJECT_CONVERSION = YES_AGGRESSIVE;
				CLANG_CXX_LANGUAGE_STANDARD = "gnu++14";
				CLANG_CXX_LIBRARY = "libc++";
				CLANG_ENABLE_MODULES = YES;
				CLANG_ENABLE_OBJC_ARC = YES;
				CLANG_ENABLE_OBJC_WEAK = YES;
				CLANG_WARN_BLOCK_CAPTURE_AUTORELEASING = YES;
				CLANG_WARN_BOOL_CONVERSION = YES;
				CLANG_WARN_COMMA = YES;
				CLANG_WARN_CONSTANT_CONVERSION = YES;
				CLANG_WARN_DEPRECATED_OBJC_IMPLEMENTATIONS = YES;
				CLANG_WARN_DIRECT_OBJC_ISA_USAGE = YES_ERROR;
				CLANG_WARN_DOCUMENTATION_COMMENTS = YES;
				CLANG_WARN_EMPTY_BODY = YES;
				CLANG_WARN_ENUM_CONVERSION = YES;
				CLANG_WARN_INFINITE_RECURSION = YES;
				CLANG_WARN_INT_CONVERSION = YES;
				CLANG_WARN_NON_LITERAL_NULL_CONVERSION = YES;
				CLANG_WARN_OBJC_IMPLICIT_RETAIN_SELF = YES;
				CLANG_WARN_OBJC_LITERAL_CONVERSION = YES;
				CLANG_WARN_OBJC_ROOT_CLASS = YES_ERROR;
				CLANG_WARN_QUOTED_INCLUDE_IN_FRAMEWORK_HEADER = YES;
				CLANG_WARN_RANGE_LOOP_ANALYSIS = YES;
				CLANG_WARN_STRICT_PROTOTYPES = YES;
				CLANG_WARN_SUSPICIOUS_MOVE = YES;
				CLANG_WARN_UNGUARDED_AVAILABILITY = YES_AGGRESSIVE;
				CLANG_WARN_UNREACHABLE_CODE = YES;
				CLANG_WARN__DUPLICATE_METHOD_MATCH = YES;
				COPY_PHASE_STRIP = NO;
				DEBUG_INFORMATION_FORMAT = dwarf;
				ENABLE_STRICT_OBJC_MSGSEND = YES;
				ENABLE_TESTABILITY = YES;
				GCC_C_LANGUAGE_STANDARD = gnu11;
				GCC_DYNAMIC_NO_PIC = NO;
				GCC_NO_COMMON_BLOCKS = YES;
				GCC_OPTIMIZATION_LEVEL = 0;
				GCC_PREPROCESSOR_DEFINITIONS = (
					"$(inherited)",
					"DEBUG=1",
				);
				GCC_WARN_64_TO_32_BIT_CONVERSION = YES;
				GCC_WARN_ABOUT_RETURN_TYPE = YES_ERROR;
				GCC_WARN_UNDECLARED_SELECTOR = YES;
				GCC_WARN_UNINITIALIZED_AUTOS = YES_AGGRESSIVE;
				GCC_WARN_UNUSED_FUNCTION = YES;
				GCC_WARN_UNUSED_VARIABLE = YES;
				MACOSX_DEPLOYMENT_TARGET = 14.0;
				MTL_ENABLE_DEBUG_INFO = INCLUDE_SOURCE;
				MTL_FAST_MATH = YES;
				ONLY_ACTIVE_ARCH = YES;
				PRODUCT_NAME = "$(TARGET_NAME)";
				SDKROOT = macosx;
				SWIFT_ACTIVE_COMPILATION_CONDITIONS = DEBUG;
				SWIFT_OPTIMIZATION_LEVEL = "-Onone";
				SWIFT_VERSION = 5.0;
			};
			name = Debug;
		};
		834EF61799B32B0824A81AB9 /* Release */ = {
			isa = XCBuildConfiguration;
			buildSettings = {
				ALWAYS_SEARCH_USER_PATHS = NO;
				CLANG_ANALYZER_NONNULL = YES;
				CLANG_ANALYZER_NUMBER_OBJECT_CONVERSION = YES_AGGRESSIVE;
				CLANG_CXX_LANGUAGE_STANDARD = "gnu++14";
				CLANG_CXX_LIBRARY = "libc++";
				CLANG_ENABLE_MODULES = YES;
				CLANG_ENABLE_OBJC_ARC = YES;
				CLANG_ENABLE_OBJC_WEAK = YES;
				CLANG_WARN_BLOCK_CAPTURE_AUTORELEASING = YES;
				CLANG_WARN_BOOL_CONVERSION = YES;
				CLANG_WARN_COMMA = YES;
				CLANG_WARN_CONSTANT_CONVERSION = YES;
				CLANG_WARN_DEPRECATED_OBJC_IMPLEMENTATIONS = YES;
				CLANG_WARN_DIRECT_OBJC_ISA_USAGE = YES_ERROR;
				CLANG_WARN_DOCUMENTATION_COMMENTS = YES;
				CLANG_WARN_EMPTY_BODY = YES;
				CLANG_WARN_ENUM_CONVERSION = YES;
				CLANG_WARN_INFINITE_RECURSION = YES;
				CLANG_WARN_INT_CONVERSION = YES;
				CLANG_WARN_NON_LITERAL_NULL_CONVERSION = YES;
				CLANG_WARN_OBJC_IMPLICIT_RETAIN_SELF = YES;
				CLANG_WARN_OBJC_LITERAL_CONVERSION = YES;
				CLANG_WARN_OBJC_ROOT_CLASS = YES_ERROR;
				CLANG_WARN_QUOTED_INCLUDE_IN_FRAMEWORK_HEADER = YES;
				CLANG_WARN_RANGE_LOOP_ANALYSIS = YES;
				CLANG_WARN_STRICT_PROTOTYPES = YES;
				CLANG_WARN_SUSPICIOUS_MOVE = YES;
				CLANG_WARN_UNGUARDED_AVAILABILITY = YES_AGGRESSIVE;
				CLANG_WARN_UNREACHABLE_CODE = YES;
				CLANG_WARN__DUPLICATE_METHOD_MATCH = YES;
				COPY_PHASE_STRIP = NO;
				DEBUG_INFORMATION_FORMAT = "dwarf-with-dsym";
				ENABLE_NS_ASSERTIONS = NO;
				ENABLE_STRICT_OBJC_MSGSEND = YES;
				GCC_C_LANGUAGE_STANDARD = gnu11;
				GCC_NO_COMMON_BLOCKS = YES;
				GCC_WARN_64_TO_32_BIT_CONVERSION = YES;
				GCC_WARN_ABOUT_RETURN_TYPE = YES_ERROR;
				GCC_WARN_UNDECLARED_SELECTOR = YES;
				GCC_WARN_UNINITIALIZED_AUTOS = YES_AGGRESSIVE;
				GCC_WARN_UNUSED_FUNCTION = YES;
				GCC_WARN_UNUSED_VARIABLE = YES;
				MACOSX_DEPLOYMENT_TARGET = 14.0;
				MTL_ENABLE_DEBUG_INFO = NO;
				MTL_FAST_MATH = YES;
				PRODUCT_NAME = "$(TARGET_NAME)";
				SDKROOT = macosx;
				SWIFT_COMPILATION_MODE = wholemodule;
				SWIFT_OPTIMIZATION_LEVEL = "-O";
				SWIFT_VERSION = 5.0;
			};
			name = Release;
		};
		9366D3CFC76DDA641089EF69 /* Debug */ = {
			isa = XCBuildConfiguration;
			buildSettings = {
				ASSETCATALOG_COMPILER_APPICON_NAME = AppIcon;
				CODE_SIGNING_ALLOWED = NO;
				CODE_SIGNING_REQUIRED = NO;
				CODE_SIGN_IDENTITY = "-";
				COMBINE_HIDPI_IMAGES = YES;
				INFOPLIST_FILE = DictationApp/Info.plist;
				LD_RUNPATH_SEARCH_PATHS = (
					"$(inherited)",
					"@executable_path/../Frameworks",
				);
				MACOSX_DEPLOYMENT_TARGET = 14.0;
				PRODUCT_BUNDLE_IDENTIFIER = com.diego.dictationapp;
				SDKROOT = macosx;
				SWIFT_VERSION = 5.9;
			};
			name = Debug;
		};
		E5C88528AB2746BE1348C67D /* Release */ = {
			isa = XCBuildConfiguration;
			buildSettings = {
				ASSETCATALOG_COMPILER_APPICON_NAME = AppIcon;
				CODE_SIGNING_ALLOWED = NO;
				CODE_SIGNING_REQUIRED = NO;
				CODE_SIGN_IDENTITY = "-";
				COMBINE_HIDPI_IMAGES = YES;
				INFOPLIST_FILE = DictationApp/Info.plist;
				LD_RUNPATH_SEARCH_PATHS = (
					"$(inherited)",
					"@executable_path/../Frameworks",
				);
				MACOSX_DEPLOYMENT_TARGET = 14.0;
				PRODUCT_BUNDLE_IDENTIFIER = com.diego.dictationapp;
				SDKROOT = macosx;
				SWIFT_VERSION = 5.9;
			};
			name = Release;
		};
/* End XCBuildConfiguration section */

/* Begin XCConfigurationList section */
		85CB74E4ECEE35555532E144 /* Build configuration list for PBXNativeTarget "DictationApp" */ = {
			isa = XCConfigurationList;
			buildConfigurations = (
				9366D3CFC76DDA641089EF69 /* Debug */,
				E5C88528AB2746BE1348C67D /* Release */,
			);
			defaultConfigurationIsVisible = 0;
			defaultConfigurationName = Debug;
		};
		BBBE0413EA402809FD491E01 /* Build configuration list for PBXProject "DictationApp" */ = {
			isa = XCConfigurationList;
			buildConfigurations = (
				29F49EA8FD7DC75ED2E4C919 /* Debug */,
				834EF61799B32B0824A81AB9 /* Release */,
			);
			defaultConfigurationIsVisible = 0;
			defaultConfigurationName = Debug;
		};
/* End XCConfigurationList section */

/* Begin XCRemoteSwiftPackageReference section */
		4E66575D95DFCCFDED5008FD /* XCRemoteSwiftPackageReference "WhisperKit" */ = {
			isa = XCRemoteSwiftPackageReference;
			repositoryURL = "https://github.com/argmaxinc/WhisperKit";
			requirement = {
				kind = upToNextMajorVersion;
				minimumVersion = 0.9.0;
			};
		};
		F425B7F9B531AD1CE44B2310 /* XCRemoteSwiftPackageReference "KeyboardShortcuts" */ = {
			isa = XCRemoteSwiftPackageReference;
			repositoryURL = "https://github.com/sindresorhus/KeyboardShortcuts";
			requirement = {
				kind = upToNextMajorVersion;
				minimumVersion = 2.0.0;
			};
		};
/* End XCRemoteSwiftPackageReference section */

/* Begin XCSwiftPackageProductDependency section */
		4D9CF33863B95BC063C6DA7D /* KeyboardShortcuts */ = {
			isa = XCSwiftPackageProductDependency;
			package = F425B7F9B531AD1CE44B2310 /* XCRemoteSwiftPackageReference "KeyboardShortcuts" */;
			productName = KeyboardShortcuts;
		};
		8AD2F1132A9EEC08366D2A4B /* WhisperKit */ = {
			isa = XCSwiftPackageProductDependency;
			package = 4E66575D95DFCCFDED5008FD /* XCRemoteSwiftPackageReference "WhisperKit" */;
			productName = WhisperKit;
		};
/* End XCSwiftPackageProductDependency section */
	};
	rootObject = 754F90D46E2F40BDCD16AEA1 /* Project object */;
}
